
Microsoft Visual Studio Solution File, Format Version 12.00
# Visual Studio 15
VisualStudioVersion = 15.0.28010.2046
MinimumVisualStudioVersion = 10.0.40219.1
Project("{FAE04EC0-301F-11D3-BF4B-00C04F79EFBC}") = "K-Coloring", "K-Coloring\K-Coloring.csproj", "{3DE25D57-0BC1-4447-9CF6-584387AD4B1D}"
EndProject
Global
	GlobalSection(SolutionConfigurationPlatforms) = preSolution
		Debug|Any CPU = Debug|Any CPU
		Release|Any CPU = Release|Any CPU
	EndGlobalSection
	GlobalSection(ProjectConfigurationPlatforms) = postSolution
		{3DE25D57-0BC1-4447-9CF6-584387AD4B1D}.Debug|Any CPU.ActiveCfg = Debug|Any CPU
		{3DE25D57-0BC1-4447-9CF6-584387AD4B1D}.Debug|Any CPU.Build.0 = Debug|Any CPU
		{3DE25D57-0BC1-4447-9CF6-584387AD4B1D}.Release|Any CPU.ActiveCfg = Release|Any CPU
		{3DE25D57-0BC1-4447-9CF6-584387AD4B1D}.Release|Any CPU.Build.0 = Release|Any CPU
	EndGlobalSection
	GlobalSection(SolutionProperties) = preSolution
		HideSolutionNode = FALSE
	EndGlobalSection
	GlobalSection(ExtensibilityGlobals) = postSolution
		SolutionGuid = {B3ACCCBD-8B22-4FDE-8AC0-DDD56C598EEB}
	EndGlobalSection
EndGlobal
