
Microsoft Visual Studio Solution File, Format Version 12.00
# Visual Studio 15
VisualStudioVersion = 15.0.28010.2046
MinimumVisualStudioVersion = 10.0.40219.1
Project("{FAE04EC0-301F-11D3-BF4B-00C04F79EFBC}") = "Lab8", "Lab8\Lab8.csproj", "{5A24296B-7009-43C4-AA3C-67D5E6DFC115}"
EndProject
Global
	GlobalSection(SolutionConfigurationPlatforms) = preSolution
		Debug|Any CPU = Debug|Any CPU
		Release|Any CPU = Release|Any CPU
	EndGlobalSection
	GlobalSection(ProjectConfigurationPlatforms) = postSolution
		{5A24296B-7009-43C4-AA3C-67D5E6DFC115}.Debug|Any CPU.ActiveCfg = Debug|Any CPU
		{5A24296B-7009-43C4-AA3C-67D5E6DFC115}.Debug|Any CPU.Build.0 = Debug|Any CPU
		{5A24296B-7009-43C4-AA3C-67D5E6DFC115}.Release|Any CPU.ActiveCfg = Release|Any CPU
		{5A24296B-7009-43C4-AA3C-67D5E6DFC115}.Release|Any CPU.Build.0 = Release|Any CPU
	EndGlobalSection
	GlobalSection(SolutionProperties) = preSolution
		HideSolutionNode = FALSE
	EndGlobalSection
	GlobalSection(ExtensibilityGlobals) = postSolution
		SolutionGuid = {7CA2BCFD-1187-4DE2-AEC4-4D54645D5814}
	EndGlobalSection
EndGlobal
