
Microsoft Visual Studio Solution File, Format Version 12.00
# Visual Studio 15
VisualStudioVersion = 15.0.28010.2046
MinimumVisualStudioVersion = 10.0.40219.1
Project("{8BC9CEB8-8B4A-11D0-8D11-00A0C91BC942}") = "NColoring", "NColoring\NColoring.vcxproj", "{A393F14D-CD87-4150-AC44-AAB530C279C0}"
EndProject
Global
	GlobalSection(SolutionConfigurationPlatforms) = preSolution
		Debug|x64 = Debug|x64
		Debug|x86 = Debug|x86
		Release|x64 = Release|x64
		Release|x86 = Release|x86
	EndGlobalSection
	GlobalSection(ProjectConfigurationPlatforms) = postSolution
		{A393F14D-CD87-4150-AC44-AAB530C279C0}.Debug|x64.ActiveCfg = Debug|x64
		{A393F14D-CD87-4150-AC44-AAB530C279C0}.Debug|x64.Build.0 = Debug|x64
		{A393F14D-CD87-4150-AC44-AAB530C279C0}.Debug|x86.ActiveCfg = Debug|Win32
		{A393F14D-CD87-4150-AC44-AAB530C279C0}.Debug|x86.Build.0 = Debug|Win32
		{A393F14D-CD87-4150-AC44-AAB530C279C0}.Release|x64.ActiveCfg = Release|x64
		{A393F14D-CD87-4150-AC44-AAB530C279C0}.Release|x64.Build.0 = Release|x64
		{A393F14D-CD87-4150-AC44-AAB530C279C0}.Release|x86.ActiveCfg = Release|Win32
		{A393F14D-CD87-4150-AC44-AAB530C279C0}.Release|x86.Build.0 = Release|Win32
	EndGlobalSection
	GlobalSection(SolutionProperties) = preSolution
		HideSolutionNode = FALSE
	EndGlobalSection
	GlobalSection(ExtensibilityGlobals) = postSolution
		SolutionGuid = {E1C7752F-9F22-4F19-B70E-A041D7793B57}
	EndGlobalSection
EndGlobal
